
Microsoft Visual Studio Solution File, Format Version 12.00
# Visual Studio Version 16
VisualStudioVersion = 16.0.30523.141
MinimumVisualStudioVersion = 10.0.40219.1
Project("{FAE04EC0-301F-11D3-BF4B-00C04F79EFBC}") = "NYSS", "NYSS\NYSS.csproj", "{20990A34-616A-48C5-BA4F-EFFEBE13206F}"
EndProject
Project("{FAE04EC0-301F-11D3-BF4B-00C04F79EFBC}") = "NYSSTests", "NYSSTests\NYSSTests.csproj", "{935AF4C0-85F7-46ED-8A76-43DD5B9E5D06}"
EndProject
Global
	GlobalSection(SolutionConfigurationPlatforms) = preSolution
		Debug|Any CPU = Debug|Any CPU
		Release|Any CPU = Release|Any CPU
	EndGlobalSection
	GlobalSection(ProjectConfigurationPlatforms) = postSolution
		{20990A34-616A-48C5-BA4F-EFFEBE13206F}.Debug|Any CPU.ActiveCfg = Debug|Any CPU
		{20990A34-616A-48C5-BA4F-EFFEBE13206F}.Debug|Any CPU.Build.0 = Debug|Any CPU
		{20990A34-616A-48C5-BA4F-EFFEBE13206F}.Release|Any CPU.ActiveCfg = Release|Any CPU
		{20990A34-616A-48C5-BA4F-EFFEBE13206F}.Release|Any CPU.Build.0 = Release|Any CPU
		{935AF4C0-85F7-46ED-8A76-43DD5B9E5D06}.Debug|Any CPU.ActiveCfg = Debug|Any CPU
		{935AF4C0-85F7-46ED-8A76-43DD5B9E5D06}.Debug|Any CPU.Build.0 = Debug|Any CPU
		{935AF4C0-85F7-46ED-8A76-43DD5B9E5D06}.Release|Any CPU.ActiveCfg = Release|Any CPU
		{935AF4C0-85F7-46ED-8A76-43DD5B9E5D06}.Release|Any CPU.Build.0 = Release|Any CPU
	EndGlobalSection
	GlobalSection(SolutionProperties) = preSolution
		HideSolutionNode = FALSE
	EndGlobalSection
	GlobalSection(ExtensibilityGlobals) = postSolution
		SolutionGuid = {69DD1788-1080-4FC7-85D2-92D24553B6AB}
	EndGlobalSection
EndGlobal
